PODS:
  - Flutter (1.0.0)
  - location (0.0.1):
    - Flutter

DEPENDENCIES:
  - Flutter (from `Flutter`)
  - location (from `.symlinks/plugins/location/ios`)

EXTERNAL SOURCES:
  Flutter:
    :path: Flutter
  location:
    :path: ".symlinks/plugins/location/ios"

SPEC CHECKSUMS:
  Flutter: 434fef37c0980e73bb6479ef766c45957d4b510c
  location: 3a2eed4dd2fab25e7b7baf2a9efefe82b512d740

PODFILE CHECKSUM: aafe91acc616949ddb318b77800a7f51bffa2a4c

COCOAPODS: 1.10.1
